
Microsoft Visual Studio Solution File, Format Version 12.00
# Visual Studio Version 16
VisualStudioVersion = 16.0.29025.244
MinimumVisualStudioVersion = 10.0.40219.1
Project("{FAE04EC0-301F-11D3-BF4B-00C04F79EFBC}") = "pigLatin_capstone", "pigLatin_capstone\pigLatin_capstone.csproj", "{D6C55B79-1DDE-4360-926B-82073ECDE953}"
EndProject
Global
	GlobalSection(SolutionConfigurationPlatforms) = preSolution
		Debug|Any CPU = Debug|Any CPU
		Release|Any CPU = Release|Any CPU
	EndGlobalSection
	GlobalSection(ProjectConfigurationPlatforms) = postSolution
		{D6C55B79-1DDE-4360-926B-82073ECDE953}.Debug|Any CPU.ActiveCfg = Debug|Any CPU
		{D6C55B79-1DDE-4360-926B-82073ECDE953}.Debug|Any CPU.Build.0 = Debug|Any CPU
		{D6C55B79-1DDE-4360-926B-82073ECDE953}.Release|Any CPU.ActiveCfg = Release|Any CPU
		{D6C55B79-1DDE-4360-926B-82073ECDE953}.Release|Any CPU.Build.0 = Release|Any CPU
	EndGlobalSection
	GlobalSection(SolutionProperties) = preSolution
		HideSolutionNode = FALSE
	EndGlobalSection
	GlobalSection(ExtensibilityGlobals) = postSolution
		SolutionGuid = {58B79C5D-8038-4717-8E97-DD950BEA6514}
	EndGlobalSection
EndGlobal
